// !$*UTF8*$!
{
	archiveVersion = 1;
	classes = {
	};
	objectVersion = 56;
	objects = {

/* Begin PBXBuildFile section */
		435D42B62AB2C83400441493 /* Routing_SwiftUIApp.swift in Sources */ = {isa = PBXBuildFile; fileRef = 435D42B52AB2C83400441493 /* Routing_SwiftUIApp.swift */; };
		435D42BA2AB2C83600441493 /* Assets.xcassets in Resources */ = {isa = PBXBuildFile; fileRef = 435D42B92AB2C83600441493 /* Assets.xcassets */; };
		435D42BD2AB2C83600441493 /* Preview Assets.xcassets in Resources */ = {isa = PBXBuildFile; fileRef = 435D42BC2AB2C83600441493 /* Preview Assets.xcassets */; };
		435D42C72AB2C83600441493 /* Routing_SwiftUITests.swift in Sources */ = {isa = PBXBuildFile; fileRef = 435D42C62AB2C83600441493 /* Routing_SwiftUITests.swift */; };
		435D42D12AB2C83600441493 /* Routing_SwiftUIUITests.swift in Sources */ = {isa = PBXBuildFile; fileRef = 435D42D02AB2C83600441493 /* Routing_SwiftUIUITests.swift */; };
		435D42D32AB2C83600441493 /* Routing_SwiftUIUITestsLaunchTests.swift in Sources */ = {isa = PBXBuildFile; fileRef = 435D42D22AB2C83600441493 /* Routing_SwiftUIUITestsLaunchTests.swift */; };
		435D42E02AB2DF7600441493 /* SplashView.swift in Sources */ = {isa = PBXBuildFile; fileRef = 435D42DF2AB2DF7600441493 /* SplashView.swift */; };
		435D42E42AB318B500441493 /* LoginView.swift in Sources */ = {isa = PBXBuildFile; fileRef = 435D42E32AB318B500441493 /* LoginView.swift */; };
		435D42E62AB318C200441493 /* RegisterView.swift in Sources */ = {isa = PBXBuildFile; fileRef = 435D42E52AB318C200441493 /* RegisterView.swift */; };
		435D42E82AB318D000441493 /* ForgotPassView.swift in Sources */ = {isa = PBXBuildFile; fileRef = 435D42E72AB318D000441493 /* ForgotPassView.swift */; };
		435D42EA2AB318DC00441493 /* View2.swift in Sources */ = {isa = PBXBuildFile; fileRef = 435D42E92AB318DC00441493 /* View2.swift */; };
		435D42EC2AB318E500441493 /* View3.swift in Sources */ = {isa = PBXBuildFile; fileRef = 435D42EB2AB318E500441493 /* View3.swift */; };
		435D42EE2AB318EF00441493 /* View4.swift in Sources */ = {isa = PBXBuildFile; fileRef = 435D42ED2AB318EF00441493 /* View4.swift */; };
		435D42F02AB318F800441493 /* View1.swift in Sources */ = {isa = PBXBuildFile; fileRef = 435D42EF2AB318F800441493 /* View1.swift */; };
		43C52BC92AC2983B009D5692 /* Coordinator.swift in Sources */ = {isa = PBXBuildFile; fileRef = 43C52BC82AC2983B009D5692 /* Coordinator.swift */; };
		43C52BCB2AC2989D009D5692 /* DeepLink.swift in Sources */ = {isa = PBXBuildFile; fileRef = 43C52BCA2AC2989D009D5692 /* DeepLink.swift */; };
		43C52BCD2AC29984009D5692 /* MainCoordinator.swift in Sources */ = {isa = PBXBuildFile; fileRef = 43C52BCC2AC29984009D5692 /* MainCoordinator.swift */; };
		43C52BCF2AC29EF1009D5692 /* NavigationRouter.swift in Sources */ = {isa = PBXBuildFile; fileRef = 43C52BCE2AC29EF1009D5692 /* NavigationRouter.swift */; };
		43C52BD12AC29F1C009D5692 /* Navigator.swift in Sources */ = {isa = PBXBuildFile; fileRef = 43C52BD02AC29F1C009D5692 /* Navigator.swift */; };
		43C52BD32AC2A04E009D5692 /* RouterViewFactory.swift in Sources */ = {isa = PBXBuildFile; fileRef = 43C52BD22AC2A04E009D5692 /* RouterViewFactory.swift */; };
		43C52BD52AC2A9F8009D5692 /* AuthRoute.swift in Sources */ = {isa = PBXBuildFile; fileRef = 43C52BD42AC2A9F8009D5692 /* AuthRoute.swift */; };
		43C52BD72AC2AA67009D5692 /* HomeRoute.swift in Sources */ = {isa = PBXBuildFile; fileRef = 43C52BD62AC2AA67009D5692 /* HomeRoute.swift */; };
		43C52BD92AC2AC24009D5692 /* AuthCoordinator.swift in Sources */ = {isa = PBXBuildFile; fileRef = 43C52BD82AC2AC24009D5692 /* AuthCoordinator.swift */; };
		43C52BDB2AC2AF58009D5692 /* MainRoute.swift in Sources */ = {isa = PBXBuildFile; fileRef = 43C52BDA2AC2AF58009D5692 /* MainRoute.swift */; };
		43C52BDD2AC2AFBD009D5692 /* MainAction.swift in Sources */ = {isa = PBXBuildFile; fileRef = 43C52BDC2AC2AFBD009D5692 /* MainAction.swift */; };
		43C52BDF2AC2B49C009D5692 /* HomeCoordinator.swift in Sources */ = {isa = PBXBuildFile; fileRef = 43C52BDE2AC2B49C009D5692 /* HomeCoordinator.swift */; };
/* End PBXBuildFile section */

/* Begin PBXContainerItemProxy section */
		435D42C32AB2C83600441493 /* PBXContainerItemProxy */ = {
			isa = PBXContainerItemProxy;
			containerPortal = 435D42AA2AB2C83400441493 /* Project object */;
			proxyType = 1;
			remoteGlobalIDString = 435D42B12AB2C83400441493;
			remoteInfo = "Routing+SwiftUI";
		};
		435D42CD2AB2C83600441493 /* PBXContainerItemProxy */ = {
			isa = PBXContainerItemProxy;
			containerPortal = 435D42AA2AB2C83400441493 /* Project object */;
			proxyType = 1;
			remoteGlobalIDString = 435D42B12AB2C83400441493;
			remoteInfo = "Routing+SwiftUI";
		};
/* End PBXContainerItemProxy section */

/* Begin PBXFileReference section */
		435D42B22AB2C83400441493 /* Routing+SwiftUI.app */ = {isa = PBXFileReference; explicitFileType = wrapper.application; includeInIndex = 0; path = "Routing+SwiftUI.app"; sourceTree = BUILT_PRODUCTS_DIR; };
		435D42B52AB2C83400441493 /* Routing_SwiftUIApp.swift */ = {isa = PBXFileReference; lastKnownFileType = sourcecode.swift; path = Routing_SwiftUIApp.swift; sourceTree = "<group>"; };
		435D42B92AB2C83600441493 /* Assets.xcassets */ = {isa = PBXFileReference; lastKnownFileType = folder.assetcatalog; path = Assets.xcassets; sourceTree = "<group>"; };
		435D42BC2AB2C83600441493 /* Preview Assets.xcassets */ = {isa = PBXFileReference; lastKnownFileType = folder.assetcatalog; path = "Preview Assets.xcassets"; sourceTree = "<group>"; };
		435D42C22AB2C83600441493 /* Routing+SwiftUITests.xctest */ = {isa = PBXFileReference; explicitFileType = wrapper.cfbundle; includeInIndex = 0; path = "Routing+SwiftUITests.xctest"; sourceTree = BUILT_PRODUCTS_DIR; };
		435D42C62AB2C83600441493 /* Routing_SwiftUITests.swift */ = {isa = PBXFileReference; lastKnownFileType = sourcecode.swift; path = Routing_SwiftUITests.swift; sourceTree = "<group>"; };
		435D42CC2AB2C83600441493 /* Routing+SwiftUIUITests.xctest */ = {isa = PBXFileReference; explicitFileType = wrapper.cfbundle; includeInIndex = 0; path = "Routing+SwiftUIUITests.xctest"; sourceTree = BUILT_PRODUCTS_DIR; };
		435D42D02AB2C83600441493 /* Routing_SwiftUIUITests.swift */ = {isa = PBXFileReference; lastKnownFileType = sourcecode.swift; path = Routing_SwiftUIUITests.swift; sourceTree = "<group>"; };
		435D42D22AB2C83600441493 /* Routing_SwiftUIUITestsLaunchTests.swift */ = {isa = PBXFileReference; lastKnownFileType = sourcecode.swift; path = Routing_SwiftUIUITestsLaunchTests.swift; sourceTree = "<group>"; };
		435D42DF2AB2DF7600441493 /* SplashView.swift */ = {isa = PBXFileReference; lastKnownFileType = sourcecode.swift; path = SplashView.swift; sourceTree = "<group>"; };
		435D42E32AB318B500441493 /* LoginView.swift */ = {isa = PBXFileReference; lastKnownFileType = sourcecode.swift; path = LoginView.swift; sourceTree = "<group>"; };
		435D42E52AB318C200441493 /* RegisterView.swift */ = {isa = PBXFileReference; lastKnownFileType = sourcecode.swift; path = RegisterView.swift; sourceTree = "<group>"; };
		435D42E72AB318D000441493 /* ForgotPassView.swift */ = {isa = PBXFileReference; lastKnownFileType = sourcecode.swift; path = ForgotPassView.swift; sourceTree = "<group>"; };
		435D42E92AB318DC00441493 /* View2.swift */ = {isa = PBXFileReference; lastKnownFileType = sourcecode.swift; path = View2.swift; sourceTree = "<group>"; };
		435D42EB2AB318E500441493 /* View3.swift */ = {isa = PBXFileReference; lastKnownFileType = sourcecode.swift; path = View3.swift; sourceTree = "<group>"; };
		435D42ED2AB318EF00441493 /* View4.swift */ = {isa = PBXFileReference; lastKnownFileType = sourcecode.swift; path = View4.swift; sourceTree = "<group>"; };
		435D42EF2AB318F800441493 /* View1.swift */ = {isa = PBXFileReference; lastKnownFileType = sourcecode.swift; path = View1.swift; sourceTree = "<group>"; };
		43C52BC82AC2983B009D5692 /* Coordinator.swift */ = {isa = PBXFileReference; lastKnownFileType = sourcecode.swift; path = Coordinator.swift; sourceTree = "<group>"; };
		43C52BCA2AC2989D009D5692 /* DeepLink.swift */ = {isa = PBXFileReference; lastKnownFileType = sourcecode.swift; path = DeepLink.swift; sourceTree = "<group>"; };
		43C52BCC2AC29984009D5692 /* MainCoordinator.swift */ = {isa = PBXFileReference; lastKnownFileType = sourcecode.swift; path = MainCoordinator.swift; sourceTree = "<group>"; };
		43C52BCE2AC29EF1009D5692 /* NavigationRouter.swift */ = {isa = PBXFileReference; lastKnownFileType = sourcecode.swift; path = NavigationRouter.swift; sourceTree = "<group>"; };
		43C52BD02AC29F1C009D5692 /* Navigator.swift */ = {isa = PBXFileReference; lastKnownFileType = sourcecode.swift; path = Navigator.swift; sourceTree = "<group>"; };
		43C52BD22AC2A04E009D5692 /* RouterViewFactory.swift */ = {isa = PBXFileReference; lastKnownFileType = sourcecode.swift; path = RouterViewFactory.swift; sourceTree = "<group>"; };
		43C52BD42AC2A9F8009D5692 /* AuthRoute.swift */ = {isa = PBXFileReference; lastKnownFileType = sourcecode.swift; path = AuthRoute.swift; sourceTree = "<group>"; };
		43C52BD62AC2AA67009D5692 /* HomeRoute.swift */ = {isa = PBXFileReference; lastKnownFileType = sourcecode.swift; path = HomeRoute.swift; sourceTree = "<group>"; };
		43C52BD82AC2AC24009D5692 /* AuthCoordinator.swift */ = {isa = PBXFileReference; lastKnownFileType = sourcecode.swift; path = AuthCoordinator.swift; sourceTree = "<group>"; };
		43C52BDA2AC2AF58009D5692 /* MainRoute.swift */ = {isa = PBXFileReference; lastKnownFileType = sourcecode.swift; path = MainRoute.swift; sourceTree = "<group>"; };
		43C52BDC2AC2AFBD009D5692 /* MainAction.swift */ = {isa = PBXFileReference; lastKnownFileType = sourcecode.swift; path = MainAction.swift; sourceTree = "<group>"; };
		43C52BDE2AC2B49C009D5692 /* HomeCoordinator.swift */ = {isa = PBXFileReference; lastKnownFileType = sourcecode.swift; path = HomeCoordinator.swift; sourceTree = "<group>"; };
/* End PBXFileReference section */

/* Begin PBXFrameworksBuildPhase section */
		435D42AF2AB2C83400441493 /* Frameworks */ = {
			isa = PBXFrameworksBuildPhase;
			buildActionMask = 2147483647;
			files = (
			);
			runOnlyForDeploymentPostprocessing = 0;
		};
		435D42BF2AB2C83600441493 /* Frameworks */ = {
			isa = PBXFrameworksBuildPhase;
			buildActionMask = 2147483647;
			files = (
			);
			runOnlyForDeploymentPostprocessing = 0;
		};
		435D42C92AB2C83600441493 /* Frameworks */ = {
			isa = PBXFrameworksBuildPhase;
			buildActionMask = 2147483647;
			files = (
			);
			runOnlyForDeploymentPostprocessing = 0;
		};
/* End PBXFrameworksBuildPhase section */

/* Begin PBXGroup section */
		435D42A92AB2C83400441493 = {
			isa = PBXGroup;
			children = (
				435D42B42AB2C83400441493 /* Routing+SwiftUI */,
				435D42C52AB2C83600441493 /* Routing+SwiftUITests */,
				435D42CF2AB2C83600441493 /* Routing+SwiftUIUITests */,
				435D42B32AB2C83400441493 /* Products */,
			);
			sourceTree = "<group>";
		};
		435D42B32AB2C83400441493 /* Products */ = {
			isa = PBXGroup;
			children = (
				435D42B22AB2C83400441493 /* Routing+SwiftUI.app */,
				435D42C22AB2C83600441493 /* Routing+SwiftUITests.xctest */,
				435D42CC2AB2C83600441493 /* Routing+SwiftUIUITests.xctest */,
			);
			name = Products;
			sourceTree = "<group>";
		};
		435D42B42AB2C83400441493 /* Routing+SwiftUI */ = {
			isa = PBXGroup;
			children = (
				435D42B52AB2C83400441493 /* Routing_SwiftUIApp.swift */,
				435D42DF2AB2DF7600441493 /* SplashView.swift */,
				43C52BCC2AC29984009D5692 /* MainCoordinator.swift */,
				43C52BDA2AC2AF58009D5692 /* MainRoute.swift */,
				43C52BDC2AC2AFBD009D5692 /* MainAction.swift */,
				435D42F72AB31A5900441493 /* Routing Protocols */,
				435D42E22AB318A100441493 /* Auth */,
				435D42E12AB3189800441493 /* Home */,
				435D42B92AB2C83600441493 /* Assets.xcassets */,
				435D42BB2AB2C83600441493 /* Preview Content */,
			);
			path = "Routing+SwiftUI";
			sourceTree = "<group>";
		};
		435D42BB2AB2C83600441493 /* Preview Content */ = {
			isa = PBXGroup;
			children = (
				435D42BC2AB2C83600441493 /* Preview Assets.xcassets */,
			);
			path = "Preview Content";
			sourceTree = "<group>";
		};
		435D42C52AB2C83600441493 /* Routing+SwiftUITests */ = {
			isa = PBXGroup;
			children = (
				435D42C62AB2C83600441493 /* Routing_SwiftUITests.swift */,
			);
			path = "Routing+SwiftUITests";
			sourceTree = "<group>";
		};
		435D42CF2AB2C83600441493 /* Routing+SwiftUIUITests */ = {
			isa = PBXGroup;
			children = (
				435D42D02AB2C83600441493 /* Routing_SwiftUIUITests.swift */,
				435D42D22AB2C83600441493 /* Routing_SwiftUIUITestsLaunchTests.swift */,
			);
			path = "Routing+SwiftUIUITests";
			sourceTree = "<group>";
		};
		435D42E12AB3189800441493 /* Home */ = {
			isa = PBXGroup;
			children = (
				43C52BDE2AC2B49C009D5692 /* HomeCoordinator.swift */,
				43C52BD62AC2AA67009D5692 /* HomeRoute.swift */,
				435D42EF2AB318F800441493 /* View1.swift */,
				435D42E92AB318DC00441493 /* View2.swift */,
				435D42EB2AB318E500441493 /* View3.swift */,
				435D42ED2AB318EF00441493 /* View4.swift */,
			);
			path = Home;
			sourceTree = "<group>";
		};
		435D42E22AB318A100441493 /* Auth */ = {
			isa = PBXGroup;
			children = (
				43C52BD42AC2A9F8009D5692 /* AuthRoute.swift */,
				43C52BD82AC2AC24009D5692 /* AuthCoordinator.swift */,
				435D42E32AB318B500441493 /* LoginView.swift */,
				435D42E52AB318C200441493 /* RegisterView.swift */,
				435D42E72AB318D000441493 /* ForgotPassView.swift */,
			);
			path = Auth;
			sourceTree = "<group>";
		};
		435D42F72AB31A5900441493 /* Routing Protocols */ = {
			isa = PBXGroup;
			children = (
				43C52BC82AC2983B009D5692 /* Coordinator.swift */,
				43C52BD02AC29F1C009D5692 /* Navigator.swift */,
				43C52BCE2AC29EF1009D5692 /* NavigationRouter.swift */,
				43C52BCA2AC2989D009D5692 /* DeepLink.swift */,
				43C52BD22AC2A04E009D5692 /* RouterViewFactory.swift */,
			);
			path = "Routing Protocols";
			sourceTree = "<group>";
		};
/* End PBXGroup section */

/* Begin PBXNativeTarget section */
		435D42B12AB2C83400441493 /* Routing+SwiftUI */ = {
			isa = PBXNativeTarget;
			buildConfigurationList = 435D42D62AB2C83600441493 /* Build configuration list for PBXNativeTarget "Routing+SwiftUI" */;
			buildPhases = (
				435D42AE2AB2C83400441493 /* Sources */,
				435D42AF2AB2C83400441493 /* Frameworks */,
				435D42B02AB2C83400441493 /* Resources */,
			);
			buildRules = (
			);
			dependencies = (
			);
			name = "Routing+SwiftUI";
			productName = "Routing+SwiftUI";
			productReference = 435D42B22AB2C83400441493 /* Routing+SwiftUI.app */;
			productType = "com.apple.product-type.application";
		};
		435D42C12AB2C83600441493 /* Routing+SwiftUITests */ = {
			isa = PBXNativeTarget;
			buildConfigurationList = 435D42D92AB2C83600441493 /* Build configuration list for PBXNativeTarget "Routing+SwiftUITests" */;
			buildPhases = (
				435D42BE2AB2C83600441493 /* Sources */,
				435D42BF2AB2C83600441493 /* Frameworks */,
				435D42C02AB2C83600441493 /* Resources */,
			);
			buildRules = (
			);
			dependencies = (
				435D42C42AB2C83600441493 /* PBXTargetDependency */,
			);
			name = "Routing+SwiftUITests";
			productName = "Routing+SwiftUITests";
			productReference = 435D42C22AB2C83600441493 /* Routing+SwiftUITests.xctest */;
			productType = "com.apple.product-type.bundle.unit-test";
		};
		435D42CB2AB2C83600441493 /* Routing+SwiftUIUITests */ = {
			isa = PBXNativeTarget;
			buildConfigurationList = 435D42DC2AB2C83600441493 /* Build configuration list for PBXNativeTarget "Routing+SwiftUIUITests" */;
			buildPhases = (
				435D42C82AB2C83600441493 /* Sources */,
				435D42C92AB2C83600441493 /* Frameworks */,
				435D42CA2AB2C83600441493 /* Resources */,
			);
			buildRules = (
			);
			dependencies = (
				435D42CE2AB2C83600441493 /* PBXTargetDependency */,
			);
			name = "Routing+SwiftUIUITests";
			productName = "Routing+SwiftUIUITests";
			productReference = 435D42CC2AB2C83600441493 /* Routing+SwiftUIUITests.xctest */;
			productType = "com.apple.product-type.bundle.ui-testing";
		};
/* End PBXNativeTarget section */

/* Begin PBXProject section */
		435D42AA2AB2C83400441493 /* Project object */ = {
			isa = PBXProject;
			attributes = {
				BuildIndependentTargetsInParallel = 1;
				LastSwiftUpdateCheck = 1430;
				LastUpgradeCheck = 1430;
				TargetAttributes = {
					435D42B12AB2C83400441493 = {
						CreatedOnToolsVersion = 14.3.1;
					};
					435D42C12AB2C83600441493 = {
						CreatedOnToolsVersion = 14.3.1;
						TestTargetID = 435D42B12AB2C83400441493;
					};
					435D42CB2AB2C83600441493 = {
						CreatedOnToolsVersion = 14.3.1;
						TestTargetID = 435D42B12AB2C83400441493;
					};
				};
			};
			buildConfigurationList = 435D42AD2AB2C83400441493 /* Build configuration list for PBXProject "Routing+SwiftUI" */;
			compatibilityVersion = "Xcode 14.0";
			developmentRegion = en;
			hasScannedForEncodings = 0;
			knownRegions = (
				en,
				Base,
			);
			mainGroup = 435D42A92AB2C83400441493;
			productRefGroup = 435D42B32AB2C83400441493 /* Products */;
			projectDirPath = "";
			projectRoot = "";
			targets = (
				435D42B12AB2C83400441493 /* Routing+SwiftUI */,
				435D42C12AB2C83600441493 /* Routing+SwiftUITests */,
				435D42CB2AB2C83600441493 /* Routing+SwiftUIUITests */,
			);
		};
/* End PBXProject section */

/* Begin PBXResourcesBuildPhase section */
		435D42B02AB2C83400441493 /* Resources */ = {
			isa = PBXResourcesBuildPhase;
			buildActionMask = 2147483647;
			files = (
				435D42BD2AB2C83600441493 /* Preview Assets.xcassets in Resources */,
				435D42BA2AB2C83600441493 /* Assets.xcassets in Resources */,
			);
			runOnlyForDeploymentPostprocessing = 0;
		};
		435D42C02AB2C83600441493 /* Resources */ = {
			isa = PBXResourcesBuildPhase;
			buildActionMask = 2147483647;
			files = (
			);
			runOnlyForDeploymentPostprocessing = 0;
		};
		435D42CA2AB2C83600441493 /* Resources */ = {
			isa = PBXResourcesBuildPhase;
			buildActionMask = 2147483647;
			files = (
			);
			runOnlyForDeploymentPostprocessing = 0;
		};
/* End PBXResourcesBuildPhase section */

/* Begin PBXSourcesBuildPhase section */
		435D42AE2AB2C83400441493 /* Sources */ = {
			isa = PBXSourcesBuildPhase;
			buildActionMask = 2147483647;
			files = (
				43C52BC92AC2983B009D5692 /* Coordinator.swift in Sources */,
				43C52BD72AC2AA67009D5692 /* HomeRoute.swift in Sources */,
				43C52BDD2AC2AFBD009D5692 /* MainAction.swift in Sources */,
				43C52BD52AC2A9F8009D5692 /* AuthRoute.swift in Sources */,
				435D42E82AB318D000441493 /* ForgotPassView.swift in Sources */,
				43C52BDF2AC2B49C009D5692 /* HomeCoordinator.swift in Sources */,
				435D42E02AB2DF7600441493 /* SplashView.swift in Sources */,
				435D42F02AB318F800441493 /* View1.swift in Sources */,
				435D42E62AB318C200441493 /* RegisterView.swift in Sources */,
				43C52BCB2AC2989D009D5692 /* DeepLink.swift in Sources */,
				43C52BD12AC29F1C009D5692 /* Navigator.swift in Sources */,
				43C52BD32AC2A04E009D5692 /* RouterViewFactory.swift in Sources */,
				435D42EE2AB318EF00441493 /* View4.swift in Sources */,
				435D42EC2AB318E500441493 /* View3.swift in Sources */,
				43C52BCD2AC29984009D5692 /* MainCoordinator.swift in Sources */,
				43C52BDB2AC2AF58009D5692 /* MainRoute.swift in Sources */,
				43C52BCF2AC29EF1009D5692 /* NavigationRouter.swift in Sources */,
				435D42EA2AB318DC00441493 /* View2.swift in Sources */,
				435D42E42AB318B500441493 /* LoginView.swift in Sources */,
				43C52BD92AC2AC24009D5692 /* AuthCoordinator.swift in Sources */,
				435D42B62AB2C83400441493 /* Routing_SwiftUIApp.swift in Sources */,
			);
			runOnlyForDeploymentPostprocessing = 0;
		};
		435D42BE2AB2C83600441493 /* Sources */ = {
			isa = PBXSourcesBuildPhase;
			buildActionMask = 2147483647;
			files = (
				435D42C72AB2C83600441493 /* Routing_SwiftUITests.swift in Sources */,
			);
			runOnlyForDeploymentPostprocessing = 0;
		};
		435D42C82AB2C83600441493 /* Sources */ = {
			isa = PBXSourcesBuildPhase;
			buildActionMask = 2147483647;
			files = (
				435D42D12AB2C83600441493 /* Routing_SwiftUIUITests.swift in Sources */,
				435D42D32AB2C83600441493 /* Routing_SwiftUIUITestsLaunchTests.swift in Sources */,
			);
			runOnlyForDeploymentPostprocessing = 0;
		};
/* End PBXSourcesBuildPhase section */

/* Begin PBXTargetDependency section */
		435D42C42AB2C83600441493 /* PBXTargetDependency */ = {
			isa = PBXTargetDependency;
			target = 435D42B12AB2C83400441493 /* Routing+SwiftUI */;
			targetProxy = 435D42C32AB2C83600441493 /* PBXContainerItemProxy */;
		};
		435D42CE2AB2C83600441493 /* PBXTargetDependency */ = {
			isa = PBXTargetDependency;
			target = 435D42B12AB2C83400441493 /* Routing+SwiftUI */;
			targetProxy = 435D42CD2AB2C83600441493 /* PBXContainerItemProxy */;
		};
/* End PBXTargetDependency section */

/* Begin XCBuildConfiguration section */
		435D42D42AB2C83600441493 /* Debug */ = {
			isa = XCBuildConfiguration;
			buildSettings = {
				ALWAYS_SEARCH_USER_PATHS = NO;
				CLANG_ANALYZER_NONNULL = YES;
				CLANG_ANALYZER_NUMBER_OBJECT_CONVERSION = YES_AGGRESSIVE;
				CLANG_CXX_LANGUAGE_STANDARD = "gnu++20";
				CLANG_ENABLE_MODULES = YES;
				CLANG_ENABLE_OBJC_ARC = YES;
				CLANG_ENABLE_OBJC_WEAK = YES;
				CLANG_WARN_BLOCK_CAPTURE_AUTORELEASING = YES;
				CLANG_WARN_BOOL_CONVERSION = YES;
				CLANG_WARN_COMMA = YES;
				CLANG_WARN_CONSTANT_CONVERSION = YES;
				CLANG_WARN_DEPRECATED_OBJC_IMPLEMENTATIONS = YES;
				CLANG_WARN_DIRECT_OBJC_ISA_USAGE = YES_ERROR;
				CLANG_WARN_DOCUMENTATION_COMMENTS = YES;
				CLANG_WARN_EMPTY_BODY = YES;
				CLANG_WARN_ENUM_CONVERSION = YES;
				CLANG_WARN_INFINITE_RECURSION = YES;
				CLANG_WARN_INT_CONVERSION = YES;
				CLANG_WARN_NON_LITERAL_NULL_CONVERSION = YES;
				CLANG_WARN_OBJC_IMPLICIT_RETAIN_SELF = YES;
				CLANG_WARN_OBJC_LITERAL_CONVERSION = YES;
				CLANG_WARN_OBJC_ROOT_CLASS = YES_ERROR;
				CLANG_WARN_QUOTED_INCLUDE_IN_FRAMEWORK_HEADER = YES;
				CLANG_WARN_RANGE_LOOP_ANALYSIS = YES;
				CLANG_WARN_STRICT_PROTOTYPES = YES;
				CLANG_WARN_SUSPICIOUS_MOVE = YES;
				CLANG_WARN_UNGUARDED_AVAILABILITY = YES_AGGRESSIVE;
				CLANG_WARN_UNREACHABLE_CODE = YES;
				CLANG_WARN__DUPLICATE_METHOD_MATCH = YES;
				COPY_PHASE_STRIP = NO;
				DEBUG_INFORMATION_FORMAT = dwarf;
				ENABLE_STRICT_OBJC_MSGSEND = YES;
				ENABLE_TESTABILITY = YES;
				GCC_C_LANGUAGE_STANDARD = gnu11;
				GCC_DYNAMIC_NO_PIC = NO;
				GCC_NO_COMMON_BLOCKS = YES;
				GCC_OPTIMIZATION_LEVEL = 0;
				GCC_PREPROCESSOR_DEFINITIONS = (
					"DEBUG=1",
					"$(inherited)",
				);
				GCC_WARN_64_TO_32_BIT_CONVERSION = YES;
				GCC_WARN_ABOUT_RETURN_TYPE = YES_ERROR;
				GCC_WARN_UNDECLARED_SELECTOR = YES;
				GCC_WARN_UNINITIALIZED_AUTOS = YES_AGGRESSIVE;
				GCC_WARN_UNUSED_FUNCTION = YES;
				GCC_WARN_UNUSED_VARIABLE = YES;
				IPHONEOS_DEPLOYMENT_TARGET = 16.4;
				MTL_ENABLE_DEBUG_INFO = INCLUDE_SOURCE;
				MTL_FAST_MATH = YES;
				ONLY_ACTIVE_ARCH = YES;
				SDKROOT = iphoneos;
				SWIFT_ACTIVE_COMPILATION_CONDITIONS = DEBUG;
				SWIFT_OPTIMIZATION_LEVEL = "-Onone";
			};
			name = Debug;
		};
		435D42D52AB2C83600441493 /* Release */ = {
			isa = XCBuildConfiguration;
			buildSettings = {
				ALWAYS_SEARCH_USER_PATHS = NO;
				CLANG_ANALYZER_NONNULL = YES;
				CLANG_ANALYZER_NUMBER_OBJECT_CONVERSION = YES_AGGRESSIVE;
				CLANG_CXX_LANGUAGE_STANDARD = "gnu++20";
				CLANG_ENABLE_MODULES = YES;
				CLANG_ENABLE_OBJC_ARC = YES;
				CLANG_ENABLE_OBJC_WEAK = YES;
				CLANG_WARN_BLOCK_CAPTURE_AUTORELEASING = YES;
				CLANG_WARN_BOOL_CONVERSION = YES;
				CLANG_WARN_COMMA = YES;
				CLANG_WARN_CONSTANT_CONVERSION = YES;
				CLANG_WARN_DEPRECATED_OBJC_IMPLEMENTATIONS = YES;
				CLANG_WARN_DIRECT_OBJC_ISA_USAGE = YES_ERROR;
				CLANG_WARN_DOCUMENTATION_COMMENTS = YES;
				CLANG_WARN_EMPTY_BODY = YES;
				CLANG_WARN_ENUM_CONVERSION = YES;
				CLANG_WARN_INFINITE_RECURSION = YES;
				CLANG_WARN_INT_CONVERSION = YES;
				CLANG_WARN_NON_LITERAL_NULL_CONVERSION = YES;
				CLANG_WARN_OBJC_IMPLICIT_RETAIN_SELF = YES;
				CLANG_WARN_OBJC_LITERAL_CONVERSION = YES;
				CLANG_WARN_OBJC_ROOT_CLASS = YES_ERROR;
				CLANG_WARN_QUOTED_INCLUDE_IN_FRAMEWORK_HEADER = YES;
				CLANG_WARN_RANGE_LOOP_ANALYSIS = YES;
				CLANG_WARN_STRICT_PROTOTYPES = YES;
				CLANG_WARN_SUSPICIOUS_MOVE = YES;
				CLANG_WARN_UNGUARDED_AVAILABILITY = YES_AGGRESSIVE;
				CLANG_WARN_UNREACHABLE_CODE = YES;
				CLANG_WARN__DUPLICATE_METHOD_MATCH = YES;
				COPY_PHASE_STRIP = NO;
				DEBUG_INFORMATION_FORMAT = "dwarf-with-dsym";
				ENABLE_NS_ASSERTIONS = NO;
				ENABLE_STRICT_OBJC_MSGSEND = YES;
				GCC_C_LANGUAGE_STANDARD = gnu11;
				GCC_NO_COMMON_BLOCKS = YES;
				GCC_WARN_64_TO_32_BIT_CONVERSION = YES;
				GCC_WARN_ABOUT_RETURN_TYPE = YES_ERROR;
				GCC_WARN_UNDECLARED_SELECTOR = YES;
				GCC_WARN_UNINITIALIZED_AUTOS = YES_AGGRESSIVE;
				GCC_WARN_UNUSED_FUNCTION = YES;
				GCC_WARN_UNUSED_VARIABLE = YES;
				IPHONEOS_DEPLOYMENT_TARGET = 16.4;
				MTL_ENABLE_DEBUG_INFO = NO;
				MTL_FAST_MATH = YES;
				SDKROOT = iphoneos;
				SWIFT_COMPILATION_MODE = wholemodule;
				SWIFT_OPTIMIZATION_LEVEL = "-O";
				VALIDATE_PRODUCT = YES;
			};
			name = Release;
		};
		435D42D72AB2C83600441493 /* Debug */ = {
			isa = XCBuildConfiguration;
			buildSettings = {
				ASSETCATALOG_COMPILER_APPICON_NAME = AppIcon;
				ASSETCATALOG_COMPILER_GLOBAL_ACCENT_COLOR_NAME = AccentColor;
				CODE_SIGN_STYLE = Automatic;
				CURRENT_PROJECT_VERSION = 1;
				DEVELOPMENT_ASSET_PATHS = "\"Routing+SwiftUI/Preview Content\"";
				ENABLE_PREVIEWS = YES;
				GENERATE_INFOPLIST_FILE = YES;
				INFOPLIST_KEY_UIApplicationSceneManifest_Generation = YES;
				INFOPLIST_KEY_UIApplicationSupportsIndirectInputEvents = YES;
				INFOPLIST_KEY_UILaunchScreen_Generation = YES;
				INFOPLIST_KEY_UISupportedInterfaceOrientations_iPad = "UIInterfaceOrientationPortrait UIInterfaceOrientationPortraitUpsideDown UIInterfaceOrientationLandscapeLeft UIInterfaceOrientationLandscapeRight";
				INFOPLIST_KEY_UISupportedInterfaceOrientations_iPhone = "UIInterfaceOrientationPortrait UIInterfaceOrientationLandscapeLeft UIInterfaceOrientationLandscapeRight";
				IPHONEOS_DEPLOYMENT_TARGET = 16.0;
				LD_RUNPATH_SEARCH_PATHS = (
					"$(inherited)",
					"@executable_path/Frameworks",
				);
				MARKETING_VERSION = 1.0;
				PRODUCT_BUNDLE_IDENTIFIER = "com.login.Routing-SwiftUI";
				PRODUCT_NAME = "$(TARGET_NAME)";
				SWIFT_EMIT_LOC_STRINGS = YES;
				SWIFT_VERSION = 5.0;
				TARGETED_DEVICE_FAMILY = "1,2";
			};
			name = Debug;
		};
		435D42D82AB2C83600441493 /* Release */ = {
			isa = XCBuildConfiguration;
			buildSettings = {
				ASSETCATALOG_COMPILER_APPICON_NAME = AppIcon;
				ASSETCATALOG_COMPILER_GLOBAL_ACCENT_COLOR_NAME = AccentColor;
				CODE_SIGN_STYLE = Automatic;
				CURRENT_PROJECT_VERSION = 1;
				DEVELOPMENT_ASSET_PATHS = "\"Routing+SwiftUI/Preview Content\"";
				ENABLE_PREVIEWS = YES;
				GENERATE_INFOPLIST_FILE = YES;
				INFOPLIST_KEY_UIApplicationSceneManifest_Generation = YES;
				INFOPLIST_KEY_UIApplicationSupportsIndirectInputEvents = YES;
				INFOPLIST_KEY_UILaunchScreen_Generation = YES;
				INFOPLIST_KEY_UISupportedInterfaceOrientations_iPad = "UIInterfaceOrientationPortrait UIInterfaceOrientationPortraitUpsideDown UIInterfaceOrientationLandscapeLeft UIInterfaceOrientationLandscapeRight";
				INFOPLIST_KEY_UISupportedInterfaceOrientations_iPhone = "UIInterfaceOrientationPortrait UIInterfaceOrientationLandscapeLeft UIInterfaceOrientationLandscapeRight";
				IPHONEOS_DEPLOYMENT_TARGET = 16.0;
				LD_RUNPATH_SEARCH_PATHS = (
					"$(inherited)",
					"@executable_path/Frameworks",
				);
				MARKETING_VERSION = 1.0;
				PRODUCT_BUNDLE_IDENTIFIER = "com.login.Routing-SwiftUI";
				PRODUCT_NAME = "$(TARGET_NAME)";
				SWIFT_EMIT_LOC_STRINGS = YES;
				SWIFT_VERSION = 5.0;
				TARGETED_DEVICE_FAMILY = "1,2";
			};
			name = Release;
		};
		435D42DA2AB2C83600441493 /* Debug */ = {
			isa = XCBuildConfiguration;
			buildSettings = {
				ALWAYS_EMBED_SWIFT_STANDARD_LIBRARIES = YES;
				BUNDLE_LOADER = "$(TEST_HOST)";
				CODE_SIGN_STYLE = Automatic;
				CURRENT_PROJECT_VERSION = 1;
				GENERATE_INFOPLIST_FILE = YES;
				IPHONEOS_DEPLOYMENT_TARGET = 16.4;
				MARKETING_VERSION = 1.0;
				PRODUCT_BUNDLE_IDENTIFIER = "com.login.Routing-SwiftUITests";
				PRODUCT_NAME = "$(TARGET_NAME)";
				SWIFT_EMIT_LOC_STRINGS = NO;
				SWIFT_VERSION = 5.0;
				TARGETED_DEVICE_FAMILY = "1,2";
				TEST_HOST = "$(BUILT_PRODUCTS_DIR)/Routing+SwiftUI.app/$(BUNDLE_EXECUTABLE_FOLDER_PATH)/Routing+SwiftUI";
			};
			name = Debug;
		};
		435D42DB2AB2C83600441493 /* Release */ = {
			isa = XCBuildConfiguration;
			buildSettings = {
				ALWAYS_EMBED_SWIFT_STANDARD_LIBRARIES = YES;
				BUNDLE_LOADER = "$(TEST_HOST)";
				CODE_SIGN_STYLE = Automatic;
				CURRENT_PROJECT_VERSION = 1;
				GENERATE_INFOPLIST_FILE = YES;
				IPHONEOS_DEPLOYMENT_TARGET = 16.4;
				MARKETING_VERSION = 1.0;
				PRODUCT_BUNDLE_IDENTIFIER = "com.login.Routing-SwiftUITests";
				PRODUCT_NAME = "$(TARGET_NAME)";
				SWIFT_EMIT_LOC_STRINGS = NO;
				SWIFT_VERSION = 5.0;
				TARGETED_DEVICE_FAMILY = "1,2";
				TEST_HOST = "$(BUILT_PRODUCTS_DIR)/Routing+SwiftUI.app/$(BUNDLE_EXECUTABLE_FOLDER_PATH)/Routing+SwiftUI";
			};
			name = Release;
		};
		435D42DD2AB2C83600441493 /* Debug */ = {
			isa = XCBuildConfiguration;
			buildSettings = {
				ALWAYS_EMBED_SWIFT_STANDARD_LIBRARIES = YES;
				CODE_SIGN_STYLE = Automatic;
				CURRENT_PROJECT_VERSION = 1;
				GENERATE_INFOPLIST_FILE = YES;
				MARKETING_VERSION = 1.0;
				PRODUCT_BUNDLE_IDENTIFIER = "com.login.Routing-SwiftUIUITests";
				PRODUCT_NAME = "$(TARGET_NAME)";
				SWIFT_EMIT_LOC_STRINGS = NO;
				SWIFT_VERSION = 5.0;
				TARGETED_DEVICE_FAMILY = "1,2";
				TEST_TARGET_NAME = "Routing+SwiftUI";
			};
			name = Debug;
		};
		435D42DE2AB2C83600441493 /* Release */ = {
			isa = XCBuildConfiguration;
			buildSettings = {
				ALWAYS_EMBED_SWIFT_STANDARD_LIBRARIES = YES;
				CODE_SIGN_STYLE = Automatic;
				CURRENT_PROJECT_VERSION = 1;
				GENERATE_INFOPLIST_FILE = YES;
				MARKETING_VERSION = 1.0;
				PRODUCT_BUNDLE_IDENTIFIER = "com.login.Routing-SwiftUIUITests";
				PRODUCT_NAME = "$(TARGET_NAME)";
				SWIFT_EMIT_LOC_STRINGS = NO;
				SWIFT_VERSION = 5.0;
				TARGETED_DEVICE_FAMILY = "1,2";
				TEST_TARGET_NAME = "Routing+SwiftUI";
			};
			name = Release;
		};
/* End XCBuildConfiguration section */

/* Begin XCConfigurationList section */
		435D42AD2AB2C83400441493 /* Build configuration list for PBXProject "Routing+SwiftUI" */ = {
			isa = XCConfigurationList;
			buildConfigurations = (
				435D42D42AB2C83600441493 /* Debug */,
				435D42D52AB2C83600441493 /* Release */,
			);
			defaultConfigurationIsVisible = 0;
			defaultConfigurationName = Release;
		};
		435D42D62AB2C83600441493 /* Build configuration list for PBXNativeTarget "Routing+SwiftUI" */ = {
			isa = XCConfigurationList;
			buildConfigurations = (
				435D42D72AB2C83600441493 /* Debug */,
				435D42D82AB2C83600441493 /* Release */,
			);
			defaultConfigurationIsVisible = 0;
			defaultConfigurationName = Release;
		};
		435D42D92AB2C83600441493 /* Build configuration list for PBXNativeTarget "Routing+SwiftUITests" */ = {
			isa = XCConfigurationList;
			buildConfigurations = (
				435D42DA2AB2C83600441493 /* Debug */,
				435D42DB2AB2C83600441493 /* Release */,
			);
			defaultConfigurationIsVisible = 0;
			defaultConfigurationName = Release;
		};
		435D42DC2AB2C83600441493 /* Build configuration list for PBXNativeTarget "Routing+SwiftUIUITests" */ = {
			isa = XCConfigurationList;
			buildConfigurations = (
				435D42DD2AB2C83600441493 /* Debug */,
				435D42DE2AB2C83600441493 /* Release */,
			);
			defaultConfigurationIsVisible = 0;
			defaultConfigurationName = Release;
		};
/* End XCConfigurationList section */
	};
	rootObject = 435D42AA2AB2C83400441493 /* Project object */;
}
